
Microsoft Visual Studio Solution File, Format Version 12.00
# Visual Studio Version 17
VisualStudioVersion = 17.9.34616.47
MinimumVisualStudioVersion = 10.0.40219.1
Project("{8BC9CEB8-8B4A-11D0-8D11-00A0C91BC942}") = "Pertemuan_7_105", "Pertemuan_7_105.vcxproj", "{17F5D343-A645-437A-B9DD-B38E64E47F8A}"
EndProject
Global
	GlobalSection(SolutionConfigurationPlatforms) = preSolution
		Debug|x64 = Debug|x64
		Debug|x86 = Debug|x86
		Release|x64 = Release|x64
		Release|x86 = Release|x86
	EndGlobalSection
	GlobalSection(ProjectConfigurationPlatforms) = postSolution
		{17F5D343-A645-437A-B9DD-B38E64E47F8A}.Debug|x64.ActiveCfg = Debug|x64
		{17F5D343-A645-437A-B9DD-B38E64E47F8A}.Debug|x64.Build.0 = Debug|x64
		{17F5D343-A645-437A-B9DD-B38E64E47F8A}.Debug|x86.ActiveCfg = Debug|Win32
		{17F5D343-A645-437A-B9DD-B38E64E47F8A}.Debug|x86.Build.0 = Debug|Win32
		{17F5D343-A645-437A-B9DD-B38E64E47F8A}.Release|x64.ActiveCfg = Release|x64
		{17F5D343-A645-437A-B9DD-B38E64E47F8A}.Release|x64.Build.0 = Release|x64
		{17F5D343-A645-437A-B9DD-B38E64E47F8A}.Release|x86.ActiveCfg = Release|Win32
		{17F5D343-A645-437A-B9DD-B38E64E47F8A}.Release|x86.Build.0 = Release|Win32
	EndGlobalSection
	GlobalSection(SolutionProperties) = preSolution
		HideSolutionNode = FALSE
	EndGlobalSection
	GlobalSection(ExtensibilityGlobals) = postSolution
		SolutionGuid = {C6125810-68EC-4010-8AC2-F4A57FB30265}
	EndGlobalSection
EndGlobal
